
Microsoft Visual Studio Solution File, Format Version 12.00
# Visual Studio 15
VisualStudioVersion = 15.0.27130.2010
MinimumVisualStudioVersion = 10.0.40219.1
Project("{FAE04EC0-301F-11D3-BF4B-00C04F79EFBC}") = "App7", "App7\App7.csproj", "{988DA48E-6455-47D2-A2BD-82A158EBCC45}"
EndProject
Global
	GlobalSection(SolutionConfigurationPlatforms) = preSolution
		Debug|Any CPU = Debug|Any CPU
		Release|Any CPU = Release|Any CPU
	EndGlobalSection
	GlobalSection(ProjectConfigurationPlatforms) = postSolution
		{988DA48E-6455-47D2-A2BD-82A158EBCC45}.Debug|Any CPU.ActiveCfg = Debug|Any CPU
		{988DA48E-6455-47D2-A2BD-82A158EBCC45}.Debug|Any CPU.Build.0 = Debug|Any CPU
		{988DA48E-6455-47D2-A2BD-82A158EBCC45}.Release|Any CPU.ActiveCfg = Release|Any CPU
		{988DA48E-6455-47D2-A2BD-82A158EBCC45}.Release|Any CPU.Build.0 = Release|Any CPU
	EndGlobalSection
	GlobalSection(SolutionProperties) = preSolution
		HideSolutionNode = FALSE
	EndGlobalSection
	GlobalSection(ExtensibilityGlobals) = postSolution
		SolutionGuid = {B4E693D5-7488-4CB5-8610-CEACFAE56262}
	EndGlobalSection
EndGlobal
