
Microsoft Visual Studio Solution File, Format Version 12.00
# Visual Studio 15
VisualStudioVersion = 15.0.27130.2010
MinimumVisualStudioVersion = 10.0.40219.1
Project("{FAE04EC0-301F-11D3-BF4B-00C04F79EFBC}") = "App5", "App5\App5.csproj", "{EF74C6DB-5BF1-4167-B688-A75D880A1A71}"
EndProject
Global
	GlobalSection(SolutionConfigurationPlatforms) = preSolution
		Debug|Any CPU = Debug|Any CPU
		Release|Any CPU = Release|Any CPU
	EndGlobalSection
	GlobalSection(ProjectConfigurationPlatforms) = postSolution
		{EF74C6DB-5BF1-4167-B688-A75D880A1A71}.Debug|Any CPU.ActiveCfg = Debug|Any CPU
		{EF74C6DB-5BF1-4167-B688-A75D880A1A71}.Debug|Any CPU.Build.0 = Debug|Any CPU
		{EF74C6DB-5BF1-4167-B688-A75D880A1A71}.Release|Any CPU.ActiveCfg = Release|Any CPU
		{EF74C6DB-5BF1-4167-B688-A75D880A1A71}.Release|Any CPU.Build.0 = Release|Any CPU
	EndGlobalSection
	GlobalSection(SolutionProperties) = preSolution
		HideSolutionNode = FALSE
	EndGlobalSection
	GlobalSection(ExtensibilityGlobals) = postSolution
		SolutionGuid = {0021A05B-6097-498C-80BF-C872FA34B065}
	EndGlobalSection
EndGlobal
