
Microsoft Visual Studio Solution File, Format Version 12.00
# Visual Studio 15
VisualStudioVersion = 15.0.27130.2010
MinimumVisualStudioVersion = 10.0.40219.1
Project("{FAE04EC0-301F-11D3-BF4B-00C04F79EFBC}") = "App17", "App17\App17.csproj", "{C2AE1627-8CF1-4BF5-AAD0-9948A6A3298D}"
EndProject
Global
	GlobalSection(SolutionConfigurationPlatforms) = preSolution
		Debug|Any CPU = Debug|Any CPU
		Release|Any CPU = Release|Any CPU
	EndGlobalSection
	GlobalSection(ProjectConfigurationPlatforms) = postSolution
		{C2AE1627-8CF1-4BF5-AAD0-9948A6A3298D}.Debug|Any CPU.ActiveCfg = Debug|Any CPU
		{C2AE1627-8CF1-4BF5-AAD0-9948A6A3298D}.Debug|Any CPU.Build.0 = Debug|Any CPU
		{C2AE1627-8CF1-4BF5-AAD0-9948A6A3298D}.Release|Any CPU.ActiveCfg = Release|Any CPU
		{C2AE1627-8CF1-4BF5-AAD0-9948A6A3298D}.Release|Any CPU.Build.0 = Release|Any CPU
	EndGlobalSection
	GlobalSection(SolutionProperties) = preSolution
		HideSolutionNode = FALSE
	EndGlobalSection
	GlobalSection(ExtensibilityGlobals) = postSolution
		SolutionGuid = {09C228A8-3EFB-4B9B-B384-F1FEE700A1EB}
	EndGlobalSection
EndGlobal
