
Microsoft Visual Studio Solution File, Format Version 12.00
# Visual Studio 15
VisualStudioVersion = 15.0.27130.2010
MinimumVisualStudioVersion = 10.0.40219.1
Project("{FAE04EC0-301F-11D3-BF4B-00C04F79EFBC}") = "App2", "App2\App2.csproj", "{26371C99-7DCF-4193-8941-E85F8A5725FF}"
EndProject
Global
	GlobalSection(SolutionConfigurationPlatforms) = preSolution
		Debug|Any CPU = Debug|Any CPU
		Release|Any CPU = Release|Any CPU
	EndGlobalSection
	GlobalSection(ProjectConfigurationPlatforms) = postSolution
		{26371C99-7DCF-4193-8941-E85F8A5725FF}.Debug|Any CPU.ActiveCfg = Debug|Any CPU
		{26371C99-7DCF-4193-8941-E85F8A5725FF}.Debug|Any CPU.Build.0 = Debug|Any CPU
		{26371C99-7DCF-4193-8941-E85F8A5725FF}.Release|Any CPU.ActiveCfg = Release|Any CPU
		{26371C99-7DCF-4193-8941-E85F8A5725FF}.Release|Any CPU.Build.0 = Release|Any CPU
	EndGlobalSection
	GlobalSection(SolutionProperties) = preSolution
		HideSolutionNode = FALSE
	EndGlobalSection
	GlobalSection(ExtensibilityGlobals) = postSolution
		SolutionGuid = {1351EAA8-96F7-429D-84B0-6AF8195E902E}
	EndGlobalSection
EndGlobal
