
Microsoft Visual Studio Solution File, Format Version 12.00
# Visual Studio 15
VisualStudioVersion = 15.0.27130.2010
MinimumVisualStudioVersion = 10.0.40219.1
Project("{FAE04EC0-301F-11D3-BF4B-00C04F79EFBC}") = "App3", "App3\App3.csproj", "{1CB586FD-91AF-4FF8-98BD-4079CC73B042}"
EndProject
Global
	GlobalSection(SolutionConfigurationPlatforms) = preSolution
		Debug|Any CPU = Debug|Any CPU
		Release|Any CPU = Release|Any CPU
	EndGlobalSection
	GlobalSection(ProjectConfigurationPlatforms) = postSolution
		{1CB586FD-91AF-4FF8-98BD-4079CC73B042}.Debug|Any CPU.ActiveCfg = Debug|Any CPU
		{1CB586FD-91AF-4FF8-98BD-4079CC73B042}.Debug|Any CPU.Build.0 = Debug|Any CPU
		{1CB586FD-91AF-4FF8-98BD-4079CC73B042}.Release|Any CPU.ActiveCfg = Release|Any CPU
		{1CB586FD-91AF-4FF8-98BD-4079CC73B042}.Release|Any CPU.Build.0 = Release|Any CPU
	EndGlobalSection
	GlobalSection(SolutionProperties) = preSolution
		HideSolutionNode = FALSE
	EndGlobalSection
	GlobalSection(ExtensibilityGlobals) = postSolution
		SolutionGuid = {129244CF-2D8E-4BFA-BA5D-087B2C0326AB}
	EndGlobalSection
EndGlobal
