
Microsoft Visual Studio Solution File, Format Version 12.00
# Visual Studio 15
VisualStudioVersion = 15.0.27130.2010
MinimumVisualStudioVersion = 10.0.40219.1
Project("{FAE04EC0-301F-11D3-BF4B-00C04F79EFBC}") = "App8", "App8\App8.csproj", "{D3E7A5AA-622B-4002-83D2-2D5F652F164F}"
EndProject
Global
	GlobalSection(SolutionConfigurationPlatforms) = preSolution
		Debug|Any CPU = Debug|Any CPU
		Release|Any CPU = Release|Any CPU
	EndGlobalSection
	GlobalSection(ProjectConfigurationPlatforms) = postSolution
		{D3E7A5AA-622B-4002-83D2-2D5F652F164F}.Debug|Any CPU.ActiveCfg = Debug|Any CPU
		{D3E7A5AA-622B-4002-83D2-2D5F652F164F}.Debug|Any CPU.Build.0 = Debug|Any CPU
		{D3E7A5AA-622B-4002-83D2-2D5F652F164F}.Release|Any CPU.ActiveCfg = Release|Any CPU
		{D3E7A5AA-622B-4002-83D2-2D5F652F164F}.Release|Any CPU.Build.0 = Release|Any CPU
	EndGlobalSection
	GlobalSection(SolutionProperties) = preSolution
		HideSolutionNode = FALSE
	EndGlobalSection
	GlobalSection(ExtensibilityGlobals) = postSolution
		SolutionGuid = {B4CB0A85-7F80-47FC-B090-D62C5177210A}
	EndGlobalSection
EndGlobal
