
Microsoft Visual Studio Solution File, Format Version 12.00
# Visual Studio 15
VisualStudioVersion = 15.0.27130.2010
MinimumVisualStudioVersion = 10.0.40219.1
Project("{FAE04EC0-301F-11D3-BF4B-00C04F79EFBC}") = "App10", "App10\App10.csproj", "{1CE9C757-14C8-4689-8B79-21E7B7B86E31}"
EndProject
Global
	GlobalSection(SolutionConfigurationPlatforms) = preSolution
		Debug|Any CPU = Debug|Any CPU
		Release|Any CPU = Release|Any CPU
	EndGlobalSection
	GlobalSection(ProjectConfigurationPlatforms) = postSolution
		{1CE9C757-14C8-4689-8B79-21E7B7B86E31}.Debug|Any CPU.ActiveCfg = Debug|Any CPU
		{1CE9C757-14C8-4689-8B79-21E7B7B86E31}.Debug|Any CPU.Build.0 = Debug|Any CPU
		{1CE9C757-14C8-4689-8B79-21E7B7B86E31}.Release|Any CPU.ActiveCfg = Release|Any CPU
		{1CE9C757-14C8-4689-8B79-21E7B7B86E31}.Release|Any CPU.Build.0 = Release|Any CPU
	EndGlobalSection
	GlobalSection(SolutionProperties) = preSolution
		HideSolutionNode = FALSE
	EndGlobalSection
	GlobalSection(ExtensibilityGlobals) = postSolution
		SolutionGuid = {4B2A58CC-9E2C-4664-A68E-759DB02A3197}
	EndGlobalSection
EndGlobal
