
Microsoft Visual Studio Solution File, Format Version 12.00
# Visual Studio 15
VisualStudioVersion = 15.0.27130.2010
MinimumVisualStudioVersion = 10.0.40219.1
Project("{FAE04EC0-301F-11D3-BF4B-00C04F79EFBC}") = "App16", "App16\App16.csproj", "{9EC61365-C868-404E-96D9-FC394D195F28}"
EndProject
Global
	GlobalSection(SolutionConfigurationPlatforms) = preSolution
		Debug|Any CPU = Debug|Any CPU
		Release|Any CPU = Release|Any CPU
	EndGlobalSection
	GlobalSection(ProjectConfigurationPlatforms) = postSolution
		{9EC61365-C868-404E-96D9-FC394D195F28}.Debug|Any CPU.ActiveCfg = Debug|Any CPU
		{9EC61365-C868-404E-96D9-FC394D195F28}.Debug|Any CPU.Build.0 = Debug|Any CPU
		{9EC61365-C868-404E-96D9-FC394D195F28}.Release|Any CPU.ActiveCfg = Release|Any CPU
		{9EC61365-C868-404E-96D9-FC394D195F28}.Release|Any CPU.Build.0 = Release|Any CPU
	EndGlobalSection
	GlobalSection(SolutionProperties) = preSolution
		HideSolutionNode = FALSE
	EndGlobalSection
	GlobalSection(ExtensibilityGlobals) = postSolution
		SolutionGuid = {72CC0B36-27E7-4ADB-8EA5-021974A0BDE9}
	EndGlobalSection
EndGlobal
